
Microsoft Visual Studio Solution File, Format Version 12.00
# Visual Studio 14
VisualStudioVersion = 14.0.25420.1
MinimumVisualStudioVersion = 10.0.40219.1
Project("{FAE04EC0-301F-11D3-BF4B-00C04F79EFBC}") = "PANMI.Web", "PANMI.Web\PANMI.Web.csproj", "{65DE6BD8-02C9-4EBA-AE64-57B6DA0C1A26}"
EndProject
Project("{FAE04EC0-301F-11D3-BF4B-00C04F79EFBC}") = "PANMI.WebAdmin", "PANMI.WebAdmin\PANMI.WebAdmin.csproj", "{A5AC40C6-3FB9-4EF2-9E84-00CC77148D3E}"
EndProject
Project("{FAE04EC0-301F-11D3-BF4B-00C04F79EFBC}") = "PANMI.Win", "PANMI.Win\PANMI.Win.csproj", "{8FD90BE8-B184-4DE2-B279-AEE04615AA1E}"
EndProject
Project("{FAE04EC0-301F-11D3-BF4B-00C04F79EFBC}") = "PANMI.BL", "PANMI.BL\PANMI.BL.csproj", "{ED99F8DB-BC9C-4ED4-A325-BF652CEB1CE1}"
EndProject
Global
	GlobalSection(SolutionConfigurationPlatforms) = preSolution
		Debug|Any CPU = Debug|Any CPU
		Release|Any CPU = Release|Any CPU
	EndGlobalSection
	GlobalSection(ProjectConfigurationPlatforms) = postSolution
		{65DE6BD8-02C9-4EBA-AE64-57B6DA0C1A26}.Debug|Any CPU.ActiveCfg = Debug|Any CPU
		{65DE6BD8-02C9-4EBA-AE64-57B6DA0C1A26}.Debug|Any CPU.Build.0 = Debug|Any CPU
		{65DE6BD8-02C9-4EBA-AE64-57B6DA0C1A26}.Release|Any CPU.ActiveCfg = Release|Any CPU
		{65DE6BD8-02C9-4EBA-AE64-57B6DA0C1A26}.Release|Any CPU.Build.0 = Release|Any CPU
		{A5AC40C6-3FB9-4EF2-9E84-00CC77148D3E}.Debug|Any CPU.ActiveCfg = Debug|Any CPU
		{A5AC40C6-3FB9-4EF2-9E84-00CC77148D3E}.Debug|Any CPU.Build.0 = Debug|Any CPU
		{A5AC40C6-3FB9-4EF2-9E84-00CC77148D3E}.Release|Any CPU.ActiveCfg = Release|Any CPU
		{A5AC40C6-3FB9-4EF2-9E84-00CC77148D3E}.Release|Any CPU.Build.0 = Release|Any CPU
		{8FD90BE8-B184-4DE2-B279-AEE04615AA1E}.Debug|Any CPU.ActiveCfg = Debug|Any CPU
		{8FD90BE8-B184-4DE2-B279-AEE04615AA1E}.Debug|Any CPU.Build.0 = Debug|Any CPU
		{8FD90BE8-B184-4DE2-B279-AEE04615AA1E}.Release|Any CPU.ActiveCfg = Release|Any CPU
		{8FD90BE8-B184-4DE2-B279-AEE04615AA1E}.Release|Any CPU.Build.0 = Release|Any CPU
		{ED99F8DB-BC9C-4ED4-A325-BF652CEB1CE1}.Debug|Any CPU.ActiveCfg = Debug|Any CPU
		{ED99F8DB-BC9C-4ED4-A325-BF652CEB1CE1}.Debug|Any CPU.Build.0 = Debug|Any CPU
		{ED99F8DB-BC9C-4ED4-A325-BF652CEB1CE1}.Release|Any CPU.ActiveCfg = Release|Any CPU
		{ED99F8DB-BC9C-4ED4-A325-BF652CEB1CE1}.Release|Any CPU.Build.0 = Release|Any CPU
	EndGlobalSection
	GlobalSection(SolutionProperties) = preSolution
		HideSolutionNode = FALSE
	EndGlobalSection
EndGlobal
